
Microsoft Visual Studio Solution File, Format Version 12.00
# Visual Studio Version 16
VisualStudioVersion = 16.0.30309.148
MinimumVisualStudioVersion = 10.0.40219.1
Project("{9A19103F-16F7-4668-BE54-9A1E7A4F7556}") = "StudentLabManager", "StudentLabManager.csproj", "{C05E2CF8-188A-4DD5-B23B-0765B30AA7C4}"
EndProject
Project("{FAE04EC0-301F-11D3-BF4B-00C04F79EFBC}") = "StudentLabManagerTests", "..\StudentLabManagerTests\StudentLabManagerTests.csproj", "{1B20112C-3F53-4ED6-8310-99C3964FC22B}"
EndProject
Global
	GlobalSection(SolutionConfigurationPlatforms) = preSolution
		Debug|Any CPU = Debug|Any CPU
		Release|Any CPU = Release|Any CPU
	EndGlobalSection
	GlobalSection(ProjectConfigurationPlatforms) = postSolution
		{C05E2CF8-188A-4DD5-B23B-0765B30AA7C4}.Debug|Any CPU.ActiveCfg = Debug|Any CPU
		{C05E2CF8-188A-4DD5-B23B-0765B30AA7C4}.Debug|Any CPU.Build.0 = Debug|Any CPU
		{C05E2CF8-188A-4DD5-B23B-0765B30AA7C4}.Release|Any CPU.ActiveCfg = Release|Any CPU
		{C05E2CF8-188A-4DD5-B23B-0765B30AA7C4}.Release|Any CPU.Build.0 = Release|Any CPU
		{1B20112C-3F53-4ED6-8310-99C3964FC22B}.Debug|Any CPU.ActiveCfg = Debug|Any CPU
		{1B20112C-3F53-4ED6-8310-99C3964FC22B}.Debug|Any CPU.Build.0 = Debug|Any CPU
		{1B20112C-3F53-4ED6-8310-99C3964FC22B}.Release|Any CPU.ActiveCfg = Release|Any CPU
		{1B20112C-3F53-4ED6-8310-99C3964FC22B}.Release|Any CPU.Build.0 = Release|Any CPU
	EndGlobalSection
	GlobalSection(SolutionProperties) = preSolution
		HideSolutionNode = FALSE
	EndGlobalSection
	GlobalSection(ExtensibilityGlobals) = postSolution
		SolutionGuid = {2D3DB483-E8EC-40AE-BD58-B2FB3438E6D5}
	EndGlobalSection
EndGlobal
